
Microsoft Visual Studio Solution File, Format Version 12.00
# Visual Studio Version 16
VisualStudioVersion = 16.0.33927.289
MinimumVisualStudioVersion = 10.0.40219.1
Project("{FAE04EC0-301F-11D3-BF4B-00C04F79EFBC}") = "Tszt", "Tszt\Tszt.csproj", "{F795C7BE-9514-437A-B9CB-358BA5F9E8F8}"
EndProject
Project("{FAE04EC0-301F-11D3-BF4B-00C04F79EFBC}") = "Tobbelem", "Tobbelem\Tobbelem.csproj", "{519C0DC0-8326-46F4-B722-F57C92BBD52E}"
EndProject
Global
	GlobalSection(SolutionConfigurationPlatforms) = preSolution
		Debug|Any CPU = Debug|Any CPU
		Release|Any CPU = Release|Any CPU
	EndGlobalSection
	GlobalSection(ProjectConfigurationPlatforms) = postSolution
		{F795C7BE-9514-437A-B9CB-358BA5F9E8F8}.Debug|Any CPU.ActiveCfg = Debug|Any CPU
		{F795C7BE-9514-437A-B9CB-358BA5F9E8F8}.Debug|Any CPU.Build.0 = Debug|Any CPU
		{F795C7BE-9514-437A-B9CB-358BA5F9E8F8}.Release|Any CPU.ActiveCfg = Release|Any CPU
		{F795C7BE-9514-437A-B9CB-358BA5F9E8F8}.Release|Any CPU.Build.0 = Release|Any CPU
		{519C0DC0-8326-46F4-B722-F57C92BBD52E}.Debug|Any CPU.ActiveCfg = Debug|Any CPU
		{519C0DC0-8326-46F4-B722-F57C92BBD52E}.Debug|Any CPU.Build.0 = Debug|Any CPU
		{519C0DC0-8326-46F4-B722-F57C92BBD52E}.Release|Any CPU.ActiveCfg = Release|Any CPU
		{519C0DC0-8326-46F4-B722-F57C92BBD52E}.Release|Any CPU.Build.0 = Release|Any CPU
	EndGlobalSection
	GlobalSection(SolutionProperties) = preSolution
		HideSolutionNode = FALSE
	EndGlobalSection
	GlobalSection(ExtensibilityGlobals) = postSolution
		SolutionGuid = {05E69AB3-F7A9-47C3-826F-40320DE6A4D0}
	EndGlobalSection
EndGlobal
