
Microsoft Visual Studio Solution File, Format Version 12.00
# Visual Studio Version 16
VisualStudioVersion = 16.0.33927.289
MinimumVisualStudioVersion = 10.0.40219.1
Project("{FAE04EC0-301F-11D3-BF4B-00C04F79EFBC}") = "Tszt", "Tszt\Tszt.csproj", "{F795C7BE-9514-437A-B9CB-358BA5F9E8F8}"
EndProject
Project("{FAE04EC0-301F-11D3-BF4B-00C04F79EFBC}") = "Tobbelem", "Tobbelem\Tobbelem.csproj", "{519C0DC0-8326-46F4-B722-F57C92BBD52E}"
EndProject
Project("{FAE04EC0-301F-11D3-BF4B-00C04F79EFBC}") = "tobbelem2", "tobbelem2\tobbelem2.csproj", "{0E814392-EF39-476A-86D0-0C991E0A1B0A}"
EndProject
Project("{FAE04EC0-301F-11D3-BF4B-00C04F79EFBC}") = "first", "first\first.csproj", "{ECDF4350-E958-4C51-A3B1-AC6BCEE2B705}"
EndProject
Project("{FAE04EC0-301F-11D3-BF4B-00C04F79EFBC}") = "Logikai", "Logikai\Logikai.csproj", "{D6E8362C-0ED4-4AD1-AF6B-16B8F45E6038}"
EndProject
Project("{FAE04EC0-301F-11D3-BF4B-00C04F79EFBC}") = "PREFIX", "PREFIX\PREFIX.csproj", "{DB2AB633-424C-4F24-BF7A-49EF15685D56}"
EndProject
Project("{FAE04EC0-301F-11D3-BF4B-00C04F79EFBC}") = "Ha", "Ha\Ha.csproj", "{589F4E88-9C6C-402F-9002-543B42542576}"
EndProject
Project("{FAE04EC0-301F-11D3-BF4B-00C04F79EFBC}") = "KorHasab", "KorHasab\KorHasab.csproj", "{7D9CF1E1-0D05-4458-A6E9-CEBD1AB33D9F}"
EndProject
Global
	GlobalSection(SolutionConfigurationPlatforms) = preSolution
		Debug|Any CPU = Debug|Any CPU
		Release|Any CPU = Release|Any CPU
	EndGlobalSection
	GlobalSection(ProjectConfigurationPlatforms) = postSolution
		{F795C7BE-9514-437A-B9CB-358BA5F9E8F8}.Debug|Any CPU.ActiveCfg = Debug|Any CPU
		{F795C7BE-9514-437A-B9CB-358BA5F9E8F8}.Debug|Any CPU.Build.0 = Debug|Any CPU
		{F795C7BE-9514-437A-B9CB-358BA5F9E8F8}.Release|Any CPU.ActiveCfg = Release|Any CPU
		{F795C7BE-9514-437A-B9CB-358BA5F9E8F8}.Release|Any CPU.Build.0 = Release|Any CPU
		{519C0DC0-8326-46F4-B722-F57C92BBD52E}.Debug|Any CPU.ActiveCfg = Debug|Any CPU
		{519C0DC0-8326-46F4-B722-F57C92BBD52E}.Debug|Any CPU.Build.0 = Debug|Any CPU
		{519C0DC0-8326-46F4-B722-F57C92BBD52E}.Release|Any CPU.ActiveCfg = Release|Any CPU
		{519C0DC0-8326-46F4-B722-F57C92BBD52E}.Release|Any CPU.Build.0 = Release|Any CPU
		{0E814392-EF39-476A-86D0-0C991E0A1B0A}.Debug|Any CPU.ActiveCfg = Debug|Any CPU
		{0E814392-EF39-476A-86D0-0C991E0A1B0A}.Debug|Any CPU.Build.0 = Debug|Any CPU
		{0E814392-EF39-476A-86D0-0C991E0A1B0A}.Release|Any CPU.ActiveCfg = Release|Any CPU
		{0E814392-EF39-476A-86D0-0C991E0A1B0A}.Release|Any CPU.Build.0 = Release|Any CPU
		{ECDF4350-E958-4C51-A3B1-AC6BCEE2B705}.Debug|Any CPU.ActiveCfg = Debug|Any CPU
		{ECDF4350-E958-4C51-A3B1-AC6BCEE2B705}.Debug|Any CPU.Build.0 = Debug|Any CPU
		{ECDF4350-E958-4C51-A3B1-AC6BCEE2B705}.Release|Any CPU.ActiveCfg = Release|Any CPU
		{ECDF4350-E958-4C51-A3B1-AC6BCEE2B705}.Release|Any CPU.Build.0 = Release|Any CPU
		{D6E8362C-0ED4-4AD1-AF6B-16B8F45E6038}.Debug|Any CPU.ActiveCfg = Debug|Any CPU
		{D6E8362C-0ED4-4AD1-AF6B-16B8F45E6038}.Debug|Any CPU.Build.0 = Debug|Any CPU
		{D6E8362C-0ED4-4AD1-AF6B-16B8F45E6038}.Release|Any CPU.ActiveCfg = Release|Any CPU
		{D6E8362C-0ED4-4AD1-AF6B-16B8F45E6038}.Release|Any CPU.Build.0 = Release|Any CPU
		{DB2AB633-424C-4F24-BF7A-49EF15685D56}.Debug|Any CPU.ActiveCfg = Debug|Any CPU
		{DB2AB633-424C-4F24-BF7A-49EF15685D56}.Debug|Any CPU.Build.0 = Debug|Any CPU
		{DB2AB633-424C-4F24-BF7A-49EF15685D56}.Release|Any CPU.ActiveCfg = Release|Any CPU
		{DB2AB633-424C-4F24-BF7A-49EF15685D56}.Release|Any CPU.Build.0 = Release|Any CPU
		{589F4E88-9C6C-402F-9002-543B42542576}.Debug|Any CPU.ActiveCfg = Debug|Any CPU
		{589F4E88-9C6C-402F-9002-543B42542576}.Debug|Any CPU.Build.0 = Debug|Any CPU
		{589F4E88-9C6C-402F-9002-543B42542576}.Release|Any CPU.ActiveCfg = Release|Any CPU
		{589F4E88-9C6C-402F-9002-543B42542576}.Release|Any CPU.Build.0 = Release|Any CPU
		{7D9CF1E1-0D05-4458-A6E9-CEBD1AB33D9F}.Debug|Any CPU.ActiveCfg = Debug|Any CPU
		{7D9CF1E1-0D05-4458-A6E9-CEBD1AB33D9F}.Debug|Any CPU.Build.0 = Debug|Any CPU
		{7D9CF1E1-0D05-4458-A6E9-CEBD1AB33D9F}.Release|Any CPU.ActiveCfg = Release|Any CPU
		{7D9CF1E1-0D05-4458-A6E9-CEBD1AB33D9F}.Release|Any CPU.Build.0 = Release|Any CPU
	EndGlobalSection
	GlobalSection(SolutionProperties) = preSolution
		HideSolutionNode = FALSE
	EndGlobalSection
	GlobalSection(ExtensibilityGlobals) = postSolution
		SolutionGuid = {05E69AB3-F7A9-47C3-826F-40320DE6A4D0}
	EndGlobalSection
EndGlobal
